
Microsoft Visual Studio Solution File, Format Version 12.00
# Visual Studio 15
VisualStudioVersion = 15.0.28307.271
MinimumVisualStudioVersion = 10.0.40219.1
Project("{FAE04EC0-301F-11D3-BF4B-00C04F79EFBC}") = "WebAPIAssignment1", "WebAPIAssignment1\WebAPIAssignment1.csproj", "{C475581F-A575-4F6A-9886-2249DC633383}"
EndProject
Global
	GlobalSection(SolutionConfigurationPlatforms) = preSolution
		Debug|Any CPU = Debug|Any CPU
		Release|Any CPU = Release|Any CPU
	EndGlobalSection
	GlobalSection(ProjectConfigurationPlatforms) = postSolution
		{C475581F-A575-4F6A-9886-2249DC633383}.Debug|Any CPU.ActiveCfg = Debug|Any CPU
		{C475581F-A575-4F6A-9886-2249DC633383}.Debug|Any CPU.Build.0 = Debug|Any CPU
		{C475581F-A575-4F6A-9886-2249DC633383}.Release|Any CPU.ActiveCfg = Release|Any CPU
		{C475581F-A575-4F6A-9886-2249DC633383}.Release|Any CPU.Build.0 = Release|Any CPU
	EndGlobalSection
	GlobalSection(SolutionProperties) = preSolution
		HideSolutionNode = FALSE
	EndGlobalSection
	GlobalSection(ExtensibilityGlobals) = postSolution
		SolutionGuid = {820F29B6-B69D-4389-A394-1C968AE647E5}
	EndGlobalSection
EndGlobal
